
Microsoft Visual Studio Solution File, Format Version 12.00
# Visual Studio Version 17
VisualStudioVersion = 17.14.37012.4 d17.14
MinimumVisualStudioVersion = 10.0.40219.1
Project("{FAE04EC0-301F-11D3-BF4B-00C04F79EFBC}") = "Kakao", "Kakao\Kakao.csproj", "{5D38E74E-5A27-4A83-989C-D3C5ABCCD548}"
EndProject
Global
	GlobalSection(SolutionConfigurationPlatforms) = preSolution
		Debug|Any CPU = Debug|Any CPU
		Release|Any CPU = Release|Any CPU
	EndGlobalSection
	GlobalSection(ProjectConfigurationPlatforms) = postSolution
		{5D38E74E-5A27-4A83-989C-D3C5ABCCD548}.Debug|Any CPU.ActiveCfg = Debug|Any CPU
		{5D38E74E-5A27-4A83-989C-D3C5ABCCD548}.Debug|Any CPU.Build.0 = Debug|Any CPU
		{5D38E74E-5A27-4A83-989C-D3C5ABCCD548}.Release|Any CPU.ActiveCfg = Release|Any CPU
		{5D38E74E-5A27-4A83-989C-D3C5ABCCD548}.Release|Any CPU.Build.0 = Release|Any CPU
	EndGlobalSection
	GlobalSection(SolutionProperties) = preSolution
		HideSolutionNode = FALSE
	EndGlobalSection
	GlobalSection(ExtensibilityGlobals) = postSolution
		SolutionGuid = {70A798A1-E6C2-44EF-829A-DCDAAE13B0FB}
	EndGlobalSection
EndGlobal
